
Microsoft Visual Studio Solution File, Format Version 12.00
# Visual Studio Version 17
VisualStudioVersion = 17.11.35303.130
MinimumVisualStudioVersion = 10.0.40219.1
Project("{FAE04EC0-301F-11D3-BF4B-00C04F79EFBC}") = "Gotham", "Gotham\Gotham.csproj", "{E44F6BB9-0A7F-499B-8349-FC3149C530ED}"
EndProject
Global
	GlobalSection(SolutionConfigurationPlatforms) = preSolution
		Debug|Any CPU = Debug|Any CPU
		Release|Any CPU = Release|Any CPU
	EndGlobalSection
	GlobalSection(ProjectConfigurationPlatforms) = postSolution
		{E44F6BB9-0A7F-499B-8349-FC3149C530ED}.Debug|Any CPU.ActiveCfg = Debug|Any CPU
		{E44F6BB9-0A7F-499B-8349-FC3149C530ED}.Debug|Any CPU.Build.0 = Debug|Any CPU
		{E44F6BB9-0A7F-499B-8349-FC3149C530ED}.Release|Any CPU.ActiveCfg = Release|Any CPU
		{E44F6BB9-0A7F-499B-8349-FC3149C530ED}.Release|Any CPU.Build.0 = Release|Any CPU
	EndGlobalSection
	GlobalSection(SolutionProperties) = preSolution
		HideSolutionNode = FALSE
	EndGlobalSection
	GlobalSection(ExtensibilityGlobals) = postSolution
		SolutionGuid = {8775D787-14EC-405C-B3D1-2CB06D7B1C40}
	EndGlobalSection
EndGlobal
